
Microsoft Visual Studio Solution File, Format Version 12.00
# Visual Studio Version 16
VisualStudioVersion = 16.0.31624.102
MinimumVisualStudioVersion = 10.0.40219.1
Project("{8BC9CEB8-8B4A-11D0-8D11-00A0C91BC942}") = "ESWHandin1", "ESWHandin1\ESWHandin1.vcxproj", "{6F44BC02-14C4-4E72-B567-D8204E39928B}"
EndProject
Global
	GlobalSection(SolutionConfigurationPlatforms) = preSolution
		Debug|x64 = Debug|x64
		Debug|x86 = Debug|x86
		Release|x64 = Release|x64
		Release|x86 = Release|x86
	EndGlobalSection
	GlobalSection(ProjectConfigurationPlatforms) = postSolution
		{6F44BC02-14C4-4E72-B567-D8204E39928B}.Debug|x64.ActiveCfg = Debug|x64
		{6F44BC02-14C4-4E72-B567-D8204E39928B}.Debug|x64.Build.0 = Debug|x64
		{6F44BC02-14C4-4E72-B567-D8204E39928B}.Debug|x86.ActiveCfg = Debug|Win32
		{6F44BC02-14C4-4E72-B567-D8204E39928B}.Debug|x86.Build.0 = Debug|Win32
		{6F44BC02-14C4-4E72-B567-D8204E39928B}.Release|x64.ActiveCfg = Release|x64
		{6F44BC02-14C4-4E72-B567-D8204E39928B}.Release|x64.Build.0 = Release|x64
		{6F44BC02-14C4-4E72-B567-D8204E39928B}.Release|x86.ActiveCfg = Release|Win32
		{6F44BC02-14C4-4E72-B567-D8204E39928B}.Release|x86.Build.0 = Release|Win32
	EndGlobalSection
	GlobalSection(SolutionProperties) = preSolution
		HideSolutionNode = FALSE
	EndGlobalSection
	GlobalSection(ExtensibilityGlobals) = postSolution
		SolutionGuid = {1F5E3E8B-F2B5-4E2C-8FB6-FA4A666DB915}
	EndGlobalSection
EndGlobal
